// !$*UTF8*$!
{
	archiveVersion = 1;
	classes = {
	};
	objectVersion = 50;
	objects = {

/* Begin PBXBuildFile section */
		A1CBB98224A92CE1007F951F /* AppDelegate.swift in Sources */ = {isa = PBXBuildFile; fileRef = A1CBB98124A92CE1007F951F /* AppDelegate.swift */; };
		A1CBB98424A92CE1007F951F /* SceneDelegate.swift in Sources */ = {isa = PBXBuildFile; fileRef = A1CBB98324A92CE1007F951F /* SceneDelegate.swift */; };
		A1CBB98624A92CE1007F951F /* TaskListViewController.swift in Sources */ = {isa = PBXBuildFile; fileRef = A1CBB98524A92CE1007F951F /* TaskListViewController.swift */; };
		A1CBB98924A92CE1007F951F /* Main.storyboard in Resources */ = {isa = PBXBuildFile; fileRef = A1CBB98724A92CE1007F951F /* Main.storyboard */; };
		A1CBB98B24A92CE2007F951F /* Assets.xcassets in Resources */ = {isa = PBXBuildFile; fileRef = A1CBB98A24A92CE2007F951F /* Assets.xcassets */; };
		A1CBB98E24A92CE2007F951F /* LaunchScreen.storyboard in Resources */ = {isa = PBXBuildFile; fileRef = A1CBB98C24A92CE2007F951F /* LaunchScreen.storyboard */; };
		A1CBB99924A92CE2007F951F /* ToDoAppTests.swift in Sources */ = {isa = PBXBuildFile; fileRef = A1CBB99824A92CE2007F951F /* ToDoAppTests.swift */; };
		A1CBB9A424A92CE2007F951F /* ToDoAppUITests.swift in Sources */ = {isa = PBXBuildFile; fileRef = A1CBB9A324A92CE2007F951F /* ToDoAppUITests.swift */; };
		A1CBB9B724A95C61007F951F /* TaskTests.swift in Sources */ = {isa = PBXBuildFile; fileRef = A1CBB9B624A95C61007F951F /* TaskTests.swift */; };
		A1CBB9B924A95D00007F951F /* Task.swift in Sources */ = {isa = PBXBuildFile; fileRef = A1CBB9B824A95D00007F951F /* Task.swift */; };
		A1CBB9BB24A960D8007F951F /* Location.swift in Sources */ = {isa = PBXBuildFile; fileRef = A1CBB9BA24A960D8007F951F /* Location.swift */; };
		A1CBB9BD24A96202007F951F /* LocationTests.swift in Sources */ = {isa = PBXBuildFile; fileRef = A1CBB9BC24A96202007F951F /* LocationTests.swift */; };
		A1CBB9C024A9984C007F951F /* TaskManagerTests.swift in Sources */ = {isa = PBXBuildFile; fileRef = A1CBB9BF24A9984C007F951F /* TaskManagerTests.swift */; };
		A1CBB9C324A998A9007F951F /* TaskManager.swift in Sources */ = {isa = PBXBuildFile; fileRef = A1CBB9C224A998A9007F951F /* TaskManager.swift */; };
		A1CBB9C624AA94BE007F951F /* TaskListViewControllerTests.swift in Sources */ = {isa = PBXBuildFile; fileRef = A1CBB9C524AA94BE007F951F /* TaskListViewControllerTests.swift */; };
		A1CBB9C824ABBC9A007F951F /* DataProvider.swift in Sources */ = {isa = PBXBuildFile; fileRef = A1CBB9C724ABBC9A007F951F /* DataProvider.swift */; };
/* End PBXBuildFile section */

/* Begin PBXContainerItemProxy section */
		A1CBB99524A92CE2007F951F /* PBXContainerItemProxy */ = {
			isa = PBXContainerItemProxy;
			containerPortal = A1CBB97624A92CE1007F951F /* Project object */;
			proxyType = 1;
			remoteGlobalIDString = A1CBB97D24A92CE1007F951F;
			remoteInfo = ToDoApp;
		};
		A1CBB9A024A92CE2007F951F /* PBXContainerItemProxy */ = {
			isa = PBXContainerItemProxy;
			containerPortal = A1CBB97624A92CE1007F951F /* Project object */;
			proxyType = 1;
			remoteGlobalIDString = A1CBB97D24A92CE1007F951F;
			remoteInfo = ToDoApp;
		};
/* End PBXContainerItemProxy section */

/* Begin PBXFileReference section */
		A1CBB97E24A92CE1007F951F /* ToDoApp.app */ = {isa = PBXFileReference; explicitFileType = wrapper.application; includeInIndex = 0; path = ToDoApp.app; sourceTree = BUILT_PRODUCTS_DIR; };
		A1CBB98124A92CE1007F951F /* AppDelegate.swift */ = {isa = PBXFileReference; lastKnownFileType = sourcecode.swift; path = AppDelegate.swift; sourceTree = "<group>"; };
		A1CBB98324A92CE1007F951F /* SceneDelegate.swift */ = {isa = PBXFileReference; lastKnownFileType = sourcecode.swift; path = SceneDelegate.swift; sourceTree = "<group>"; };
		A1CBB98524A92CE1007F951F /* TaskListViewController.swift */ = {isa = PBXFileReference; lastKnownFileType = sourcecode.swift; path = TaskListViewController.swift; sourceTree = "<group>"; };
		A1CBB98824A92CE1007F951F /* Base */ = {isa = PBXFileReference; lastKnownFileType = file.storyboard; name = Base; path = Base.lproj/Main.storyboard; sourceTree = "<group>"; };
		A1CBB98A24A92CE2007F951F /* Assets.xcassets */ = {isa = PBXFileReference; lastKnownFileType = folder.assetcatalog; path = Assets.xcassets; sourceTree = "<group>"; };
		A1CBB98D24A92CE2007F951F /* Base */ = {isa = PBXFileReference; lastKnownFileType = file.storyboard; name = Base; path = Base.lproj/LaunchScreen.storyboard; sourceTree = "<group>"; };
		A1CBB98F24A92CE2007F951F /* Info.plist */ = {isa = PBXFileReference; lastKnownFileType = text.plist.xml; path = Info.plist; sourceTree = "<group>"; };
		A1CBB99424A92CE2007F951F /* ToDoAppTests.xctest */ = {isa = PBXFileReference; explicitFileType = wrapper.cfbundle; includeInIndex = 0; path = ToDoAppTests.xctest; sourceTree = BUILT_PRODUCTS_DIR; };
		A1CBB99824A92CE2007F951F /* ToDoAppTests.swift */ = {isa = PBXFileReference; lastKnownFileType = sourcecode.swift; path = ToDoAppTests.swift; sourceTree = "<group>"; };
		A1CBB99A24A92CE2007F951F /* Info.plist */ = {isa = PBXFileReference; lastKnownFileType = text.plist.xml; path = Info.plist; sourceTree = "<group>"; };
		A1CBB99F24A92CE2007F951F /* ToDoAppUITests.xctest */ = {isa = PBXFileReference; explicitFileType = wrapper.cfbundle; includeInIndex = 0; path = ToDoAppUITests.xctest; sourceTree = BUILT_PRODUCTS_DIR; };
		A1CBB9A324A92CE2007F951F /* ToDoAppUITests.swift */ = {isa = PBXFileReference; lastKnownFileType = sourcecode.swift; path = ToDoAppUITests.swift; sourceTree = "<group>"; };
		A1CBB9A524A92CE2007F951F /* Info.plist */ = {isa = PBXFileReference; lastKnownFileType = text.plist.xml; path = Info.plist; sourceTree = "<group>"; };
		A1CBB9B624A95C61007F951F /* TaskTests.swift */ = {isa = PBXFileReference; lastKnownFileType = sourcecode.swift; path = TaskTests.swift; sourceTree = "<group>"; };
		A1CBB9B824A95D00007F951F /* Task.swift */ = {isa = PBXFileReference; lastKnownFileType = sourcecode.swift; path = Task.swift; sourceTree = "<group>"; };
		A1CBB9BA24A960D8007F951F /* Location.swift */ = {isa = PBXFileReference; lastKnownFileType = sourcecode.swift; path = Location.swift; sourceTree = "<group>"; };
		A1CBB9BC24A96202007F951F /* LocationTests.swift */ = {isa = PBXFileReference; lastKnownFileType = sourcecode.swift; path = LocationTests.swift; sourceTree = "<group>"; };
		A1CBB9BF24A9984C007F951F /* TaskManagerTests.swift */ = {isa = PBXFileReference; lastKnownFileType = sourcecode.swift; path = TaskManagerTests.swift; sourceTree = "<group>"; };
		A1CBB9C224A998A9007F951F /* TaskManager.swift */ = {isa = PBXFileReference; lastKnownFileType = sourcecode.swift; path = TaskManager.swift; sourceTree = "<group>"; };
		A1CBB9C524AA94BE007F951F /* TaskListViewControllerTests.swift */ = {isa = PBXFileReference; lastKnownFileType = sourcecode.swift; path = TaskListViewControllerTests.swift; sourceTree = "<group>"; };
		A1CBB9C724ABBC9A007F951F /* DataProvider.swift */ = {isa = PBXFileReference; lastKnownFileType = sourcecode.swift; path = DataProvider.swift; sourceTree = "<group>"; };
/* End PBXFileReference section */

/* Begin PBXFrameworksBuildPhase section */
		A1CBB97B24A92CE1007F951F /* Frameworks */ = {
			isa = PBXFrameworksBuildPhase;
			buildActionMask = 2147483647;
			files = (
			);
			runOnlyForDeploymentPostprocessing = 0;
		};
		A1CBB99124A92CE2007F951F /* Frameworks */ = {
			isa = PBXFrameworksBuildPhase;
			buildActionMask = 2147483647;
			files = (
			);
			runOnlyForDeploymentPostprocessing = 0;
		};
		A1CBB99C24A92CE2007F951F /* Frameworks */ = {
			isa = PBXFrameworksBuildPhase;
			buildActionMask = 2147483647;
			files = (
			);
			runOnlyForDeploymentPostprocessing = 0;
		};
/* End PBXFrameworksBuildPhase section */

/* Begin PBXGroup section */
		A1CBB97524A92CE1007F951F = {
			isa = PBXGroup;
			children = (
				A1CBB98024A92CE1007F951F /* ToDoApp */,
				A1CBB99724A92CE2007F951F /* ToDoAppTests */,
				A1CBB9A224A92CE2007F951F /* ToDoAppUITests */,
				A1CBB97F24A92CE1007F951F /* Products */,
			);
			sourceTree = "<group>";
		};
		A1CBB97F24A92CE1007F951F /* Products */ = {
			isa = PBXGroup;
			children = (
				A1CBB97E24A92CE1007F951F /* ToDoApp.app */,
				A1CBB99424A92CE2007F951F /* ToDoAppTests.xctest */,
				A1CBB99F24A92CE2007F951F /* ToDoAppUITests.xctest */,
			);
			name = Products;
			sourceTree = "<group>";
		};
		A1CBB98024A92CE1007F951F /* ToDoApp */ = {
			isa = PBXGroup;
			children = (
				A1CBB9C124A9989A007F951F /* Manager */,
				A1CBB9B324A92E3D007F951F /* Controller */,
				A1CBB9B124A92E28007F951F /* Model */,
				A1CBB9B224A92E2E007F951F /* View */,
				A1CBB9B424A92E4E007F951F /* Supporting files */,
			);
			path = ToDoApp;
			sourceTree = "<group>";
		};
		A1CBB99724A92CE2007F951F /* ToDoAppTests */ = {
			isa = PBXGroup;
			children = (
				A1CBB9C424AA944D007F951F /* Controller */,
				A1CBB9BE24A99834007F951F /* Mnager */,
				A1CBB9B524A95C4B007F951F /* Model */,
				A1CBB99824A92CE2007F951F /* ToDoAppTests.swift */,
				A1CBB99A24A92CE2007F951F /* Info.plist */,
			);
			path = ToDoAppTests;
			sourceTree = "<group>";
		};
		A1CBB9A224A92CE2007F951F /* ToDoAppUITests */ = {
			isa = PBXGroup;
			children = (
				A1CBB9A324A92CE2007F951F /* ToDoAppUITests.swift */,
				A1CBB9A524A92CE2007F951F /* Info.plist */,
			);
			path = ToDoAppUITests;
			sourceTree = "<group>";
		};
		A1CBB9B124A92E28007F951F /* Model */ = {
			isa = PBXGroup;
			children = (
				A1CBB9B824A95D00007F951F /* Task.swift */,
				A1CBB9BA24A960D8007F951F /* Location.swift */,
			);
			path = Model;
			sourceTree = "<group>";
		};
		A1CBB9B224A92E2E007F951F /* View */ = {
			isa = PBXGroup;
			children = (
			);
			path = View;
			sourceTree = "<group>";
		};
		A1CBB9B324A92E3D007F951F /* Controller */ = {
			isa = PBXGroup;
			children = (
				A1CBB98524A92CE1007F951F /* TaskListViewController.swift */,
				A1CBB9C724ABBC9A007F951F /* DataProvider.swift */,
			);
			path = Controller;
			sourceTree = "<group>";
		};
		A1CBB9B424A92E4E007F951F /* Supporting files */ = {
			isa = PBXGroup;
			children = (
				A1CBB98124A92CE1007F951F /* AppDelegate.swift */,
				A1CBB98324A92CE1007F951F /* SceneDelegate.swift */,
				A1CBB98724A92CE1007F951F /* Main.storyboard */,
				A1CBB98A24A92CE2007F951F /* Assets.xcassets */,
				A1CBB98C24A92CE2007F951F /* LaunchScreen.storyboard */,
				A1CBB98F24A92CE2007F951F /* Info.plist */,
			);
			path = "Supporting files";
			sourceTree = "<group>";
		};
		A1CBB9B524A95C4B007F951F /* Model */ = {
			isa = PBXGroup;
			children = (
				A1CBB9B624A95C61007F951F /* TaskTests.swift */,
				A1CBB9BC24A96202007F951F /* LocationTests.swift */,
			);
			path = Model;
			sourceTree = "<group>";
		};
		A1CBB9BE24A99834007F951F /* Mnager */ = {
			isa = PBXGroup;
			children = (
				A1CBB9BF24A9984C007F951F /* TaskManagerTests.swift */,
			);
			path = Mnager;
			sourceTree = "<group>";
		};
		A1CBB9C124A9989A007F951F /* Manager */ = {
			isa = PBXGroup;
			children = (
				A1CBB9C224A998A9007F951F /* TaskManager.swift */,
			);
			path = Manager;
			sourceTree = "<group>";
		};
		A1CBB9C424AA944D007F951F /* Controller */ = {
			isa = PBXGroup;
			children = (
				A1CBB9C524AA94BE007F951F /* TaskListViewControllerTests.swift */,
			);
			path = Controller;
			sourceTree = "<group>";
		};
/* End PBXGroup section */

/* Begin PBXNativeTarget section */
		A1CBB97D24A92CE1007F951F /* ToDoApp */ = {
			isa = PBXNativeTarget;
			buildConfigurationList = A1CBB9A824A92CE2007F951F /* Build configuration list for PBXNativeTarget "ToDoApp" */;
			buildPhases = (
				A1CBB97A24A92CE1007F951F /* Sources */,
				A1CBB97B24A92CE1007F951F /* Frameworks */,
				A1CBB97C24A92CE1007F951F /* Resources */,
			);
			buildRules = (
			);
			dependencies = (
			);
			name = ToDoApp;
			productName = ToDoApp;
			productReference = A1CBB97E24A92CE1007F951F /* ToDoApp.app */;
			productType = "com.apple.product-type.application";
		};
		A1CBB99324A92CE2007F951F /* ToDoAppTests */ = {
			isa = PBXNativeTarget;
			buildConfigurationList = A1CBB9AB24A92CE2007F951F /* Build configuration list for PBXNativeTarget "ToDoAppTests" */;
			buildPhases = (
				A1CBB99024A92CE2007F951F /* Sources */,
				A1CBB99124A92CE2007F951F /* Frameworks */,
				A1CBB99224A92CE2007F951F /* Resources */,
			);
			buildRules = (
			);
			dependencies = (
				A1CBB99624A92CE2007F951F /* PBXTargetDependency */,
			);
			name = ToDoAppTests;
			productName = ToDoAppTests;
			productReference = A1CBB99424A92CE2007F951F /* ToDoAppTests.xctest */;
			productType = "com.apple.product-type.bundle.unit-test";
		};
		A1CBB99E24A92CE2007F951F /* ToDoAppUITests */ = {
			isa = PBXNativeTarget;
			buildConfigurationList = A1CBB9AE24A92CE2007F951F /* Build configuration list for PBXNativeTarget "ToDoAppUITests" */;
			buildPhases = (
				A1CBB99B24A92CE2007F951F /* Sources */,
				A1CBB99C24A92CE2007F951F /* Frameworks */,
				A1CBB99D24A92CE2007F951F /* Resources */,
			);
			buildRules = (
			);
			dependencies = (
				A1CBB9A124A92CE2007F951F /* PBXTargetDependency */,
			);
			name = ToDoAppUITests;
			productName = ToDoAppUITests;
			productReference = A1CBB99F24A92CE2007F951F /* ToDoAppUITests.xctest */;
			productType = "com.apple.product-type.bundle.ui-testing";
		};
/* End PBXNativeTarget section */

/* Begin PBXProject section */
		A1CBB97624A92CE1007F951F /* Project object */ = {
			isa = PBXProject;
			attributes = {
				LastSwiftUpdateCheck = 1150;
				LastUpgradeCheck = 1150;
				ORGANIZATIONNAME = "Boris Goncharov";
				TargetAttributes = {
					A1CBB97D24A92CE1007F951F = {
						CreatedOnToolsVersion = 11.5;
					};
					A1CBB99324A92CE2007F951F = {
						CreatedOnToolsVersion = 11.5;
						TestTargetID = A1CBB97D24A92CE1007F951F;
					};
					A1CBB99E24A92CE2007F951F = {
						CreatedOnToolsVersion = 11.5;
						TestTargetID = A1CBB97D24A92CE1007F951F;
					};
				};
			};
			buildConfigurationList = A1CBB97924A92CE1007F951F /* Build configuration list for PBXProject "ToDoApp" */;
			compatibilityVersion = "Xcode 9.3";
			developmentRegion = en;
			hasScannedForEncodings = 0;
			knownRegions = (
				en,
				Base,
			);
			mainGroup = A1CBB97524A92CE1007F951F;
			productRefGroup = A1CBB97F24A92CE1007F951F /* Products */;
			projectDirPath = "";
			projectRoot = "";
			targets = (
				A1CBB97D24A92CE1007F951F /* ToDoApp */,
				A1CBB99324A92CE2007F951F /* ToDoAppTests */,
				A1CBB99E24A92CE2007F951F /* ToDoAppUITests */,
			);
		};
/* End PBXProject section */

/* Begin PBXResourcesBuildPhase section */
		A1CBB97C24A92CE1007F951F /* Resources */ = {
			isa = PBXResourcesBuildPhase;
			buildActionMask = 2147483647;
			files = (
				A1CBB98E24A92CE2007F951F /* LaunchScreen.storyboard in Resources */,
				A1CBB98B24A92CE2007F951F /* Assets.xcassets in Resources */,
				A1CBB98924A92CE1007F951F /* Main.storyboard in Resources */,
			);
			runOnlyForDeploymentPostprocessing = 0;
		};
		A1CBB99224A92CE2007F951F /* Resources */ = {
			isa = PBXResourcesBuildPhase;
			buildActionMask = 2147483647;
			files = (
			);
			runOnlyForDeploymentPostprocessing = 0;
		};
		A1CBB99D24A92CE2007F951F /* Resources */ = {
			isa = PBXResourcesBuildPhase;
			buildActionMask = 2147483647;
			files = (
			);
			runOnlyForDeploymentPostprocessing = 0;
		};
/* End PBXResourcesBuildPhase section */

/* Begin PBXSourcesBuildPhase section */
		A1CBB97A24A92CE1007F951F /* Sources */ = {
			isa = PBXSourcesBuildPhase;
			buildActionMask = 2147483647;
			files = (
				A1CBB9C324A998A9007F951F /* TaskManager.swift in Sources */,
				A1CBB9B924A95D00007F951F /* Task.swift in Sources */,
				A1CBB98624A92CE1007F951F /* TaskListViewController.swift in Sources */,
				A1CBB9C824ABBC9A007F951F /* DataProvider.swift in Sources */,
				A1CBB9BB24A960D8007F951F /* Location.swift in Sources */,
				A1CBB98224A92CE1007F951F /* AppDelegate.swift in Sources */,
				A1CBB98424A92CE1007F951F /* SceneDelegate.swift in Sources */,
			);
			runOnlyForDeploymentPostprocessing = 0;
		};
		A1CBB99024A92CE2007F951F /* Sources */ = {
			isa = PBXSourcesBuildPhase;
			buildActionMask = 2147483647;
			files = (
				A1CBB9B724A95C61007F951F /* TaskTests.swift in Sources */,
				A1CBB9BD24A96202007F951F /* LocationTests.swift in Sources */,
				A1CBB9C024A9984C007F951F /* TaskManagerTests.swift in Sources */,
				A1CBB9C624AA94BE007F951F /* TaskListViewControllerTests.swift in Sources */,
				A1CBB99924A92CE2007F951F /* ToDoAppTests.swift in Sources */,
			);
			runOnlyForDeploymentPostprocessing = 0;
		};
		A1CBB99B24A92CE2007F951F /* Sources */ = {
			isa = PBXSourcesBuildPhase;
			buildActionMask = 2147483647;
			files = (
				A1CBB9A424A92CE2007F951F /* ToDoAppUITests.swift in Sources */,
			);
			runOnlyForDeploymentPostprocessing = 0;
		};
/* End PBXSourcesBuildPhase section */

/* Begin PBXTargetDependency section */
		A1CBB99624A92CE2007F951F /* PBXTargetDependency */ = {
			isa = PBXTargetDependency;
			target = A1CBB97D24A92CE1007F951F /* ToDoApp */;
			targetProxy = A1CBB99524A92CE2007F951F /* PBXContainerItemProxy */;
		};
		A1CBB9A124A92CE2007F951F /* PBXTargetDependency */ = {
			isa = PBXTargetDependency;
			target = A1CBB97D24A92CE1007F951F /* ToDoApp */;
			targetProxy = A1CBB9A024A92CE2007F951F /* PBXContainerItemProxy */;
		};
/* End PBXTargetDependency section */

/* Begin PBXVariantGroup section */
		A1CBB98724A92CE1007F951F /* Main.storyboard */ = {
			isa = PBXVariantGroup;
			children = (
				A1CBB98824A92CE1007F951F /* Base */,
			);
			name = Main.storyboard;
			sourceTree = "<group>";
		};
		A1CBB98C24A92CE2007F951F /* LaunchScreen.storyboard */ = {
			isa = PBXVariantGroup;
			children = (
				A1CBB98D24A92CE2007F951F /* Base */,
			);
			name = LaunchScreen.storyboard;
			sourceTree = "<group>";
		};
/* End PBXVariantGroup section */

/* Begin XCBuildConfiguration section */
		A1CBB9A624A92CE2007F951F /* Debug */ = {
			isa = XCBuildConfiguration;
			buildSettings = {
				ALWAYS_SEARCH_USER_PATHS = NO;
				CLANG_ANALYZER_NONNULL = YES;
				CLANG_ANALYZER_NUMBER_OBJECT_CONVERSION = YES_AGGRESSIVE;
				CLANG_CXX_LANGUAGE_STANDARD = "gnu++14";
				CLANG_CXX_LIBRARY = "libc++";
				CLANG_ENABLE_MODULES = YES;
				CLANG_ENABLE_OBJC_ARC = YES;
				CLANG_ENABLE_OBJC_WEAK = YES;
				CLANG_WARN_BLOCK_CAPTURE_AUTORELEASING = YES;
				CLANG_WARN_BOOL_CONVERSION = YES;
				CLANG_WARN_COMMA = YES;
				CLANG_WARN_CONSTANT_CONVERSION = YES;
				CLANG_WARN_DEPRECATED_OBJC_IMPLEMENTATIONS = YES;
				CLANG_WARN_DIRECT_OBJC_ISA_USAGE = YES_ERROR;
				CLANG_WARN_DOCUMENTATION_COMMENTS = YES;
				CLANG_WARN_EMPTY_BODY = YES;
				CLANG_WARN_ENUM_CONVERSION = YES;
				CLANG_WARN_INFINITE_RECURSION = YES;
				CLANG_WARN_INT_CONVERSION = YES;
				CLANG_WARN_NON_LITERAL_NULL_CONVERSION = YES;
				CLANG_WARN_OBJC_IMPLICIT_RETAIN_SELF = YES;
				CLANG_WARN_OBJC_LITERAL_CONVERSION = YES;
				CLANG_WARN_OBJC_ROOT_CLASS = YES_ERROR;
				CLANG_WARN_RANGE_LOOP_ANALYSIS = YES;
				CLANG_WARN_STRICT_PROTOTYPES = YES;
				CLANG_WARN_SUSPICIOUS_MOVE = YES;
				CLANG_WARN_UNGUARDED_AVAILABILITY = YES_AGGRESSIVE;
				CLANG_WARN_UNREACHABLE_CODE = YES;
				CLANG_WARN__DUPLICATE_METHOD_MATCH = YES;
				COPY_PHASE_STRIP = NO;
				DEBUG_INFORMATION_FORMAT = dwarf;
				ENABLE_STRICT_OBJC_MSGSEND = YES;
				ENABLE_TESTABILITY = YES;
				GCC_C_LANGUAGE_STANDARD = gnu11;
				GCC_DYNAMIC_NO_PIC = NO;
				GCC_NO_COMMON_BLOCKS = YES;
				GCC_OPTIMIZATION_LEVEL = 0;
				GCC_PREPROCESSOR_DEFINITIONS = (
					"DEBUG=1",
					"$(inherited)",
				);
				GCC_WARN_64_TO_32_BIT_CONVERSION = YES;
				GCC_WARN_ABOUT_RETURN_TYPE = YES_ERROR;
				GCC_WARN_UNDECLARED_SELECTOR = YES;
				GCC_WARN_UNINITIALIZED_AUTOS = YES_AGGRESSIVE;
				GCC_WARN_UNUSED_FUNCTION = YES;
				GCC_WARN_UNUSED_VARIABLE = YES;
				IPHONEOS_DEPLOYMENT_TARGET = 13.5;
				MTL_ENABLE_DEBUG_INFO = INCLUDE_SOURCE;
				MTL_FAST_MATH = YES;
				ONLY_ACTIVE_ARCH = YES;
				SDKROOT = iphoneos;
				SWIFT_ACTIVE_COMPILATION_CONDITIONS = DEBUG;
				SWIFT_OPTIMIZATION_LEVEL = "-Onone";
			};
			name = Debug;
		};
		A1CBB9A724A92CE2007F951F /* Release */ = {
			isa = XCBuildConfiguration;
			buildSettings = {
				ALWAYS_SEARCH_USER_PATHS = NO;
				CLANG_ANALYZER_NONNULL = YES;
				CLANG_ANALYZER_NUMBER_OBJECT_CONVERSION = YES_AGGRESSIVE;
				CLANG_CXX_LANGUAGE_STANDARD = "gnu++14";
				CLANG_CXX_LIBRARY = "libc++";
				CLANG_ENABLE_MODULES = YES;
				CLANG_ENABLE_OBJC_ARC = YES;
				CLANG_ENABLE_OBJC_WEAK = YES;
				CLANG_WARN_BLOCK_CAPTURE_AUTORELEASING = YES;
				CLANG_WARN_BOOL_CONVERSION = YES;
				CLANG_WARN_COMMA = YES;
				CLANG_WARN_CONSTANT_CONVERSION = YES;
				CLANG_WARN_DEPRECATED_OBJC_IMPLEMENTATIONS = YES;
				CLANG_WARN_DIRECT_OBJC_ISA_USAGE = YES_ERROR;
				CLANG_WARN_DOCUMENTATION_COMMENTS = YES;
				CLANG_WARN_EMPTY_BODY = YES;
				CLANG_WARN_ENUM_CONVERSION = YES;
				CLANG_WARN_INFINITE_RECURSION = YES;
				CLANG_WARN_INT_CONVERSION = YES;
				CLANG_WARN_NON_LITERAL_NULL_CONVERSION = YES;
				CLANG_WARN_OBJC_IMPLICIT_RETAIN_SELF = YES;
				CLANG_WARN_OBJC_LITERAL_CONVERSION = YES;
				CLANG_WARN_OBJC_ROOT_CLASS = YES_ERROR;
				CLANG_WARN_RANGE_LOOP_ANALYSIS = YES;
				CLANG_WARN_STRICT_PROTOTYPES = YES;
				CLANG_WARN_SUSPICIOUS_MOVE = YES;
				CLANG_WARN_UNGUARDED_AVAILABILITY = YES_AGGRESSIVE;
				CLANG_WARN_UNREACHABLE_CODE = YES;
				CLANG_WARN__DUPLICATE_METHOD_MATCH = YES;
				COPY_PHASE_STRIP = NO;
				DEBUG_INFORMATION_FORMAT = "dwarf-with-dsym";
				ENABLE_NS_ASSERTIONS = NO;
				ENABLE_STRICT_OBJC_MSGSEND = YES;
				GCC_C_LANGUAGE_STANDARD = gnu11;
				GCC_NO_COMMON_BLOCKS = YES;
				GCC_WARN_64_TO_32_BIT_CONVERSION = YES;
				GCC_WARN_ABOUT_RETURN_TYPE = YES_ERROR;
				GCC_WARN_UNDECLARED_SELECTOR = YES;
				GCC_WARN_UNINITIALIZED_AUTOS = YES_AGGRESSIVE;
				GCC_WARN_UNUSED_FUNCTION = YES;
				GCC_WARN_UNUSED_VARIABLE = YES;
				IPHONEOS_DEPLOYMENT_TARGET = 13.5;
				MTL_ENABLE_DEBUG_INFO = NO;
				MTL_FAST_MATH = YES;
				SDKROOT = iphoneos;
				SWIFT_COMPILATION_MODE = wholemodule;
				SWIFT_OPTIMIZATION_LEVEL = "-O";
				VALIDATE_PRODUCT = YES;
			};
			name = Release;
		};
		A1CBB9A924A92CE2007F951F /* Debug */ = {
			isa = XCBuildConfiguration;
			buildSettings = {
				ASSETCATALOG_COMPILER_APPICON_NAME = AppIcon;
				CODE_SIGN_IDENTITY = "Apple Development";
				CODE_SIGN_STYLE = Automatic;
				DEVELOPMENT_TEAM = 33SF7T346J;
				INFOPLIST_FILE = "ToDoApp/Supporting files/Info.plist";
				LD_RUNPATH_SEARCH_PATHS = (
					"$(inherited)",
					"@executable_path/Frameworks",
				);
				PRODUCT_BUNDLE_IDENTIFIER = com.podlodki.ToDoApp;
				PRODUCT_NAME = "$(TARGET_NAME)";
				PROVISIONING_PROFILE_SPECIFIER = "";
				SWIFT_VERSION = 5.0;
				TARGETED_DEVICE_FAMILY = "1,2";
			};
			name = Debug;
		};
		A1CBB9AA24A92CE2007F951F /* Release */ = {
			isa = XCBuildConfiguration;
			buildSettings = {
				ASSETCATALOG_COMPILER_APPICON_NAME = AppIcon;
				CODE_SIGN_IDENTITY = "Apple Development";
				CODE_SIGN_STYLE = Automatic;
				DEVELOPMENT_TEAM = 33SF7T346J;
				INFOPLIST_FILE = "ToDoApp/Supporting files/Info.plist";
				LD_RUNPATH_SEARCH_PATHS = (
					"$(inherited)",
					"@executable_path/Frameworks",
				);
				PRODUCT_BUNDLE_IDENTIFIER = com.podlodki.ToDoApp;
				PRODUCT_NAME = "$(TARGET_NAME)";
				PROVISIONING_PROFILE_SPECIFIER = "";
				SWIFT_VERSION = 5.0;
				TARGETED_DEVICE_FAMILY = "1,2";
			};
			name = Release;
		};
		A1CBB9AC24A92CE2007F951F /* Debug */ = {
			isa = XCBuildConfiguration;
			buildSettings = {
				ALWAYS_EMBED_SWIFT_STANDARD_LIBRARIES = YES;
				BUNDLE_LOADER = "$(TEST_HOST)";
				CODE_SIGN_STYLE = Automatic;
				INFOPLIST_FILE = ToDoAppTests/Info.plist;
				IPHONEOS_DEPLOYMENT_TARGET = 13.5;
				LD_RUNPATH_SEARCH_PATHS = (
					"$(inherited)",
					"@executable_path/Frameworks",
					"@loader_path/Frameworks",
				);
				PRODUCT_BUNDLE_IDENTIFIER = com.podlodki.ToDoAppTests;
				PRODUCT_NAME = "$(TARGET_NAME)";
				SWIFT_VERSION = 5.0;
				TARGETED_DEVICE_FAMILY = "1,2";
				TEST_HOST = "$(BUILT_PRODUCTS_DIR)/ToDoApp.app/ToDoApp";
			};
			name = Debug;
		};
		A1CBB9AD24A92CE2007F951F /* Release */ = {
			isa = XCBuildConfiguration;
			buildSettings = {
				ALWAYS_EMBED_SWIFT_STANDARD_LIBRARIES = YES;
				BUNDLE_LOADER = "$(TEST_HOST)";
				CODE_SIGN_STYLE = Automatic;
				INFOPLIST_FILE = ToDoAppTests/Info.plist;
				IPHONEOS_DEPLOYMENT_TARGET = 13.5;
				LD_RUNPATH_SEARCH_PATHS = (
					"$(inherited)",
					"@executable_path/Frameworks",
					"@loader_path/Frameworks",
				);
				PRODUCT_BUNDLE_IDENTIFIER = com.podlodki.ToDoAppTests;
				PRODUCT_NAME = "$(TARGET_NAME)";
				SWIFT_VERSION = 5.0;
				TARGETED_DEVICE_FAMILY = "1,2";
				TEST_HOST = "$(BUILT_PRODUCTS_DIR)/ToDoApp.app/ToDoApp";
			};
			name = Release;
		};
		A1CBB9AF24A92CE2007F951F /* Debug */ = {
			isa = XCBuildConfiguration;
			buildSettings = {
				ALWAYS_EMBED_SWIFT_STANDARD_LIBRARIES = YES;
				CODE_SIGN_STYLE = Automatic;
				INFOPLIST_FILE = ToDoAppUITests/Info.plist;
				LD_RUNPATH_SEARCH_PATHS = (
					"$(inherited)",
					"@executable_path/Frameworks",
					"@loader_path/Frameworks",
				);
				PRODUCT_BUNDLE_IDENTIFIER = com.podlodki.ToDoAppUITests;
				PRODUCT_NAME = "$(TARGET_NAME)";
				SWIFT_VERSION = 5.0;
				TARGETED_DEVICE_FAMILY = "1,2";
				TEST_TARGET_NAME = ToDoApp;
			};
			name = Debug;
		};
		A1CBB9B024A92CE2007F951F /* Release */ = {
			isa = XCBuildConfiguration;
			buildSettings = {
				ALWAYS_EMBED_SWIFT_STANDARD_LIBRARIES = YES;
				CODE_SIGN_STYLE = Automatic;
				INFOPLIST_FILE = ToDoAppUITests/Info.plist;
				LD_RUNPATH_SEARCH_PATHS = (
					"$(inherited)",
					"@executable_path/Frameworks",
					"@loader_path/Frameworks",
				);
				PRODUCT_BUNDLE_IDENTIFIER = com.podlodki.ToDoAppUITests;
				PRODUCT_NAME = "$(TARGET_NAME)";
				SWIFT_VERSION = 5.0;
				TARGETED_DEVICE_FAMILY = "1,2";
				TEST_TARGET_NAME = ToDoApp;
			};
			name = Release;
		};
/* End XCBuildConfiguration section */

/* Begin XCConfigurationList section */
		A1CBB97924A92CE1007F951F /* Build configuration list for PBXProject "ToDoApp" */ = {
			isa = XCConfigurationList;
			buildConfigurations = (
				A1CBB9A624A92CE2007F951F /* Debug */,
				A1CBB9A724A92CE2007F951F /* Release */,
			);
			defaultConfigurationIsVisible = 0;
			defaultConfigurationName = Release;
		};
		A1CBB9A824A92CE2007F951F /* Build configuration list for PBXNativeTarget "ToDoApp" */ = {
			isa = XCConfigurationList;
			buildConfigurations = (
				A1CBB9A924A92CE2007F951F /* Debug */,
				A1CBB9AA24A92CE2007F951F /* Release */,
			);
			defaultConfigurationIsVisible = 0;
			defaultConfigurationName = Release;
		};
		A1CBB9AB24A92CE2007F951F /* Build configuration list for PBXNativeTarget "ToDoAppTests" */ = {
			isa = XCConfigurationList;
			buildConfigurations = (
				A1CBB9AC24A92CE2007F951F /* Debug */,
				A1CBB9AD24A92CE2007F951F /* Release */,
			);
			defaultConfigurationIsVisible = 0;
			defaultConfigurationName = Release;
		};
		A1CBB9AE24A92CE2007F951F /* Build configuration list for PBXNativeTarget "ToDoAppUITests" */ = {
			isa = XCConfigurationList;
			buildConfigurations = (
				A1CBB9AF24A92CE2007F951F /* Debug */,
				A1CBB9B024A92CE2007F951F /* Release */,
			);
			defaultConfigurationIsVisible = 0;
			defaultConfigurationName = Release;
		};
/* End XCConfigurationList section */
	};
	rootObject = A1CBB97624A92CE1007F951F /* Project object */;
}
